
Microsoft Visual Studio Solution File, Format Version 12.00
# Visual Studio 15
VisualStudioVersion = 15.0.28307.539
MinimumVisualStudioVersion = 10.0.40219.1
Project("{9A19103F-16F7-4668-BE54-9A1E7A4F7556}") = "ChartChecker.Backend", "ChartChecker.Backend\ChartChecker.Backend.csproj", "{4F0F0311-53B6-4412-916F-4983B16B0D93}"
EndProject
Project("{FAE04EC0-301F-11D3-BF4B-00C04F79EFBC}") = "ChartChecker.Backend.Models", "ChartChecker.Backend.Models\ChartChecker.Backend.Models.csproj", "{56F8D307-09A0-4A45-AC24-74AD1DF0C5E5}"
EndProject
Project("{FAE04EC0-301F-11D3-BF4B-00C04F79EFBC}") = "ChartChecker.Backend.Data", "ChartChecker.Backend.Data\ChartChecker.Backend.Data.csproj", "{C592AADD-6EB5-492A-9335-57E30A171299}"
EndProject
Global
	GlobalSection(SolutionConfigurationPlatforms) = preSolution
		Debug|Any CPU = Debug|Any CPU
		Release|Any CPU = Release|Any CPU
	EndGlobalSection
	GlobalSection(ProjectConfigurationPlatforms) = postSolution
		{4F0F0311-53B6-4412-916F-4983B16B0D93}.Debug|Any CPU.ActiveCfg = Debug|Any CPU
		{4F0F0311-53B6-4412-916F-4983B16B0D93}.Debug|Any CPU.Build.0 = Debug|Any CPU
		{4F0F0311-53B6-4412-916F-4983B16B0D93}.Release|Any CPU.ActiveCfg = Release|Any CPU
		{4F0F0311-53B6-4412-916F-4983B16B0D93}.Release|Any CPU.Build.0 = Release|Any CPU
		{56F8D307-09A0-4A45-AC24-74AD1DF0C5E5}.Debug|Any CPU.ActiveCfg = Debug|Any CPU
		{56F8D307-09A0-4A45-AC24-74AD1DF0C5E5}.Debug|Any CPU.Build.0 = Debug|Any CPU
		{56F8D307-09A0-4A45-AC24-74AD1DF0C5E5}.Release|Any CPU.ActiveCfg = Release|Any CPU
		{56F8D307-09A0-4A45-AC24-74AD1DF0C5E5}.Release|Any CPU.Build.0 = Release|Any CPU
		{C592AADD-6EB5-492A-9335-57E30A171299}.Debug|Any CPU.ActiveCfg = Debug|Any CPU
		{C592AADD-6EB5-492A-9335-57E30A171299}.Debug|Any CPU.Build.0 = Debug|Any CPU
		{C592AADD-6EB5-492A-9335-57E30A171299}.Release|Any CPU.ActiveCfg = Release|Any CPU
		{C592AADD-6EB5-492A-9335-57E30A171299}.Release|Any CPU.Build.0 = Release|Any CPU
	EndGlobalSection
	GlobalSection(SolutionProperties) = preSolution
		HideSolutionNode = FALSE
	EndGlobalSection
	GlobalSection(ExtensibilityGlobals) = postSolution
		SolutionGuid = {6A083687-EC46-4710-9B58-C36D941B2517}
	EndGlobalSection
EndGlobal
